
Microsoft Visual Studio Solution File, Format Version 12.00
# Visual Studio Version 17
VisualStudioVersion = 17.14.36429.23
MinimumVisualStudioVersion = 10.0.40219.1
Project("{2150E333-8FDC-42A3-9474-1A3956D46DE8}") = "Task0", "Task0", "{02EA681E-C7D8-13C7-8484-4AC65E1B71E8}"
EndProject
Project("{FAE04EC0-301F-11D3-BF4B-00C04F79EFBC}") = "Tyuiu.KadralinovaAT.Sprint1.Task0.V23", "Tyuiu.KadralinovaAT.Sprint1.Task0.V23\Tyuiu.KadralinovaAT.Sprint1.Task0.V23.csproj", "{DB4ABC3F-6A5A-4F07-A7FE-8AE31CBDD145}"
EndProject
Project("{FAE04EC0-301F-11D3-BF4B-00C04F79EFBC}") = "Tyuiu.KadralinovaAT.Sprint1.Task0.V23.Lib", "Tyuiu.KadralinovaAT.Sprint1.Task0.V23.Lib\Tyuiu.KadralinovaAT.Sprint1.Task0.V23.Lib.csproj", "{3F0EF074-615E-4E5E-A35C-7EDA0A658157}"
EndProject
Project("{FAE04EC0-301F-11D3-BF4B-00C04F79EFBC}") = "Tyuiu.KadralinovaAT.Sprint1.Task0.V23.Test", "Tyuiu.KadralinovaAT.Sprint1.Task0.V23.Test\Tyuiu.KadralinovaAT.Sprint1.Task0.V23.Test.csproj", "{015250BB-2C77-42D9-9D91-3739CC09C66E}"
EndProject
Project("{2150E333-8FDC-42A3-9474-1A3956D46DE8}") = "Task1", "Task1", "{30014851-43BE-4F85-BD72-77A095C86386}"
EndProject
Project("{FAE04EC0-301F-11D3-BF4B-00C04F79EFBC}") = "Tyuiu.KadralinovaAT.Sprint1.Task1.V19", "Tyuiu.KadralinovaAT.Sprint1.Task1.V19\Tyuiu.KadralinovaAT.Sprint1.Task1.V19.csproj", "{07E05DCA-6C91-453F-B978-53BDC90C9D5A}"
EndProject
Project("{FAE04EC0-301F-11D3-BF4B-00C04F79EFBC}") = "Tyuiu.KadralinovaAT.Sprint1.Task1.V19.Lib", "Tyuiu.KadralinovaAT.Sprint1.Task1.V19.Lib\Tyuiu.KadralinovaAT.Sprint1.Task1.V19.Lib.csproj", "{331DC7A5-3751-48AC-9683-7783800C324B}"
EndProject
Project("{FAE04EC0-301F-11D3-BF4B-00C04F79EFBC}") = "Tyuiu.KadralinovaAT.Sprint1.Task1.V19.Test", "Tyuiu.KadralinovaAT.Sprint1.Task1.V19.Test\Tyuiu.KadralinovaAT.Sprint1.Task1.V19.Test.csproj", "{33B5DF68-031C-4774-B979-E0085801E935}"
EndProject
Project("{2150E333-8FDC-42A3-9474-1A3956D46DE8}") = "Task2", "Task2", "{E80D9A30-0D71-4867-92FC-7407424BB955}"
EndProject
Project("{FAE04EC0-301F-11D3-BF4B-00C04F79EFBC}") = "Tyuiu.KadralinovaAT.Sprint1.Task2.V10", "Tyuiu.KadralinovaAT.Sprint1.Task2.V10\Tyuiu.KadralinovaAT.Sprint1.Task2.V10.csproj", "{ABAF4B4D-CB1E-4614-9FB9-231913B8D12D}"
EndProject
Project("{FAE04EC0-301F-11D3-BF4B-00C04F79EFBC}") = "Tyuiu.KadralinovaAT.Sprint1.Task2.V10.Lib", "Tyuiu.KadralinovaAT.Sprint1.Task2.V10.Lib\Tyuiu.KadralinovaAT.Sprint1.Task2.V10.Lib.csproj", "{AB37A3E6-4530-4544-AE55-DAA3DAA2F322}"
EndProject
Project("{FAE04EC0-301F-11D3-BF4B-00C04F79EFBC}") = "Tyuiu.KadralinovaAT.Sprint1.Task2.V10.Test", "Tyuiu.KadralinovaAT.Sprint1.Task2.V10.Test\Tyuiu.KadralinovaAT.Sprint1.Task2.V10.Test.csproj", "{23A92317-69B0-48E4-A821-9EDF595DCA6E}"
EndProject
Project("{2150E333-8FDC-42A3-9474-1A3956D46DE8}") = "Task3", "Task3", "{86535024-DD38-4C93-B137-04F8A6E2BF19}"
EndProject
Project("{FAE04EC0-301F-11D3-BF4B-00C04F79EFBC}") = "Tyuiu.KadralinovaAT.Sprint1.Task3.V4", "Tyuiu.KadralinovaAT.Sprint1.Task3.V4\Tyuiu.KadralinovaAT.Sprint1.Task3.V4.csproj", "{CCBB5663-8532-4E47-A39A-C2D722CF62E9}"
EndProject
Project("{FAE04EC0-301F-11D3-BF4B-00C04F79EFBC}") = "Tyuiu.KadralinovaAT.Sprint1.Task3.V4.Lib", "Tyuiu.KadralinovaAT.Sprint1.Task3.V4.Lib\Tyuiu.KadralinovaAT.Sprint1.Task3.V4.Lib.csproj", "{1F0C7501-64AA-4243-89CE-B9EFCEFBAE78}"
EndProject
Project("{FAE04EC0-301F-11D3-BF4B-00C04F79EFBC}") = "Tyuiu.KadralinovaAT.Sprint1.Task3.V4.Test", "Tyuiu.KadralinovaAT.Sprint1.Task3.V4.Test\Tyuiu.KadralinovaAT.Sprint1.Task3.V4.Test.csproj", "{50F8B01C-34AB-4640-8008-25C0C2A43842}"
EndProject
Project("{2150E333-8FDC-42A3-9474-1A3956D46DE8}") = "Task4", "Task4", "{E969722A-599E-4A4F-8CE9-38640B3397AB}"
EndProject
Project("{FAE04EC0-301F-11D3-BF4B-00C04F79EFBC}") = "Tyuiu.KadralinovaAT.Sprint1.Task4.V20", "Tyuiu.KadralinovaAT.Sprint1.Task4.V20\Tyuiu.KadralinovaAT.Sprint1.Task4.V20.csproj", "{2F2F1932-1B4B-4908-BD54-4179E932B890}"
EndProject
Project("{FAE04EC0-301F-11D3-BF4B-00C04F79EFBC}") = "Tyuiu.KadralinovaAT.Sprint1.Task4.V20.Lib", "Tyuiu.KadralinovaAT.Sprint1.Task4.V20.Lib\Tyuiu.KadralinovaAT.Sprint1.Task4.V20.Lib.csproj", "{86AA48A9-C145-4CD3-9855-9E87939B6BA9}"
EndProject
Project("{FAE04EC0-301F-11D3-BF4B-00C04F79EFBC}") = "Tyuiu.KadralinovaAT.Sprint1.Task4.V20.Test", "Tyuiu.KadralinovaAT.Sprint1.Task4.V20.Test\Tyuiu.KadralinovaAT.Sprint1.Task4.V20.Test.csproj", "{B3D818E9-7DB3-4A55-A39A-EB58FDEFF06F}"
EndProject
Project("{2150E333-8FDC-42A3-9474-1A3956D46DE8}") = "Task5", "Task5", "{16DF787C-C1D9-45BB-AA70-A29E860BC2CF}"
EndProject
Project("{FAE04EC0-301F-11D3-BF4B-00C04F79EFBC}") = "Tyuiu.KadralinovaAT.Sprint1.Task5.V5", "Tyuiu.KadralinovaAT.Sprint1.Task5.V5\Tyuiu.KadralinovaAT.Sprint1.Task5.V5.csproj", "{6002C2B8-4B0B-43F5-A821-A42EBED59599}"
EndProject
Project("{FAE04EC0-301F-11D3-BF4B-00C04F79EFBC}") = "Tyuiu.KadralinovaAT.Sprint1.Task5.V5.Lib", "Tyuiu.KadralinovaAT.Sprint1.Task5.V5.Lib\Tyuiu.KadralinovaAT.Sprint1.Task5.V5.Lib.csproj", "{D7DACAD9-4B05-4BC4-B352-C99D7D57FEC6}"
EndProject
Project("{FAE04EC0-301F-11D3-BF4B-00C04F79EFBC}") = "Tyuiu.KadralinovaAT.Sprint1.Task5.V5.Test", "Tyuiu.KadralinovaAT.Sprint1.Task5.V5.Test\Tyuiu.KadralinovaAT.Sprint1.Task5.V5.Test.csproj", "{847D3AA1-13B4-4C5E-AA68-8B5DBC4D240D}"
EndProject
Global
	GlobalSection(SolutionConfigurationPlatforms) = preSolution
		Debug|Any CPU = Debug|Any CPU
		Release|Any CPU = Release|Any CPU
	EndGlobalSection
	GlobalSection(ProjectConfigurationPlatforms) = postSolution
		{DB4ABC3F-6A5A-4F07-A7FE-8AE31CBDD145}.Debug|Any CPU.ActiveCfg = Debug|Any CPU
		{DB4ABC3F-6A5A-4F07-A7FE-8AE31CBDD145}.Debug|Any CPU.Build.0 = Debug|Any CPU
		{DB4ABC3F-6A5A-4F07-A7FE-8AE31CBDD145}.Release|Any CPU.ActiveCfg = Release|Any CPU
		{DB4ABC3F-6A5A-4F07-A7FE-8AE31CBDD145}.Release|Any CPU.Build.0 = Release|Any CPU
		{3F0EF074-615E-4E5E-A35C-7EDA0A658157}.Debug|Any CPU.ActiveCfg = Debug|Any CPU
		{3F0EF074-615E-4E5E-A35C-7EDA0A658157}.Debug|Any CPU.Build.0 = Debug|Any CPU
		{3F0EF074-615E-4E5E-A35C-7EDA0A658157}.Release|Any CPU.ActiveCfg = Release|Any CPU
		{3F0EF074-615E-4E5E-A35C-7EDA0A658157}.Release|Any CPU.Build.0 = Release|Any CPU
		{015250BB-2C77-42D9-9D91-3739CC09C66E}.Debug|Any CPU.ActiveCfg = Debug|Any CPU
		{015250BB-2C77-42D9-9D91-3739CC09C66E}.Debug|Any CPU.Build.0 = Debug|Any CPU
		{015250BB-2C77-42D9-9D91-3739CC09C66E}.Release|Any CPU.ActiveCfg = Release|Any CPU
		{015250BB-2C77-42D9-9D91-3739CC09C66E}.Release|Any CPU.Build.0 = Release|Any CPU
		{07E05DCA-6C91-453F-B978-53BDC90C9D5A}.Debug|Any CPU.ActiveCfg = Debug|Any CPU
		{07E05DCA-6C91-453F-B978-53BDC90C9D5A}.Debug|Any CPU.Build.0 = Debug|Any CPU
		{07E05DCA-6C91-453F-B978-53BDC90C9D5A}.Release|Any CPU.ActiveCfg = Release|Any CPU
		{07E05DCA-6C91-453F-B978-53BDC90C9D5A}.Release|Any CPU.Build.0 = Release|Any CPU
		{331DC7A5-3751-48AC-9683-7783800C324B}.Debug|Any CPU.ActiveCfg = Debug|Any CPU
		{331DC7A5-3751-48AC-9683-7783800C324B}.Debug|Any CPU.Build.0 = Debug|Any CPU
		{331DC7A5-3751-48AC-9683-7783800C324B}.Release|Any CPU.ActiveCfg = Release|Any CPU
		{331DC7A5-3751-48AC-9683-7783800C324B}.Release|Any CPU.Build.0 = Release|Any CPU
		{33B5DF68-031C-4774-B979-E0085801E935}.Debug|Any CPU.ActiveCfg = Debug|Any CPU
		{33B5DF68-031C-4774-B979-E0085801E935}.Debug|Any CPU.Build.0 = Debug|Any CPU
		{33B5DF68-031C-4774-B979-E0085801E935}.Release|Any CPU.ActiveCfg = Release|Any CPU
		{33B5DF68-031C-4774-B979-E0085801E935}.Release|Any CPU.Build.0 = Release|Any CPU
		{ABAF4B4D-CB1E-4614-9FB9-231913B8D12D}.Debug|Any CPU.ActiveCfg = Debug|Any CPU
		{ABAF4B4D-CB1E-4614-9FB9-231913B8D12D}.Debug|Any CPU.Build.0 = Debug|Any CPU
		{ABAF4B4D-CB1E-4614-9FB9-231913B8D12D}.Release|Any CPU.ActiveCfg = Release|Any CPU
		{ABAF4B4D-CB1E-4614-9FB9-231913B8D12D}.Release|Any CPU.Build.0 = Release|Any CPU
		{AB37A3E6-4530-4544-AE55-DAA3DAA2F322}.Debug|Any CPU.ActiveCfg = Debug|Any CPU
		{AB37A3E6-4530-4544-AE55-DAA3DAA2F322}.Debug|Any CPU.Build.0 = Debug|Any CPU
		{AB37A3E6-4530-4544-AE55-DAA3DAA2F322}.Release|Any CPU.ActiveCfg = Release|Any CPU
		{AB37A3E6-4530-4544-AE55-DAA3DAA2F322}.Release|Any CPU.Build.0 = Release|Any CPU
		{23A92317-69B0-48E4-A821-9EDF595DCA6E}.Debug|Any CPU.ActiveCfg = Debug|Any CPU
		{23A92317-69B0-48E4-A821-9EDF595DCA6E}.Debug|Any CPU.Build.0 = Debug|Any CPU
		{23A92317-69B0-48E4-A821-9EDF595DCA6E}.Release|Any CPU.ActiveCfg = Release|Any CPU
		{23A92317-69B0-48E4-A821-9EDF595DCA6E}.Release|Any CPU.Build.0 = Release|Any CPU
		{CCBB5663-8532-4E47-A39A-C2D722CF62E9}.Debug|Any CPU.ActiveCfg = Debug|Any CPU
		{CCBB5663-8532-4E47-A39A-C2D722CF62E9}.Debug|Any CPU.Build.0 = Debug|Any CPU
		{CCBB5663-8532-4E47-A39A-C2D722CF62E9}.Release|Any CPU.ActiveCfg = Release|Any CPU
		{CCBB5663-8532-4E47-A39A-C2D722CF62E9}.Release|Any CPU.Build.0 = Release|Any CPU
		{1F0C7501-64AA-4243-89CE-B9EFCEFBAE78}.Debug|Any CPU.ActiveCfg = Debug|Any CPU
		{1F0C7501-64AA-4243-89CE-B9EFCEFBAE78}.Debug|Any CPU.Build.0 = Debug|Any CPU
		{1F0C7501-64AA-4243-89CE-B9EFCEFBAE78}.Release|Any CPU.ActiveCfg = Release|Any CPU
		{1F0C7501-64AA-4243-89CE-B9EFCEFBAE78}.Release|Any CPU.Build.0 = Release|Any CPU
		{50F8B01C-34AB-4640-8008-25C0C2A43842}.Debug|Any CPU.ActiveCfg = Debug|Any CPU
		{50F8B01C-34AB-4640-8008-25C0C2A43842}.Debug|Any CPU.Build.0 = Debug|Any CPU
		{50F8B01C-34AB-4640-8008-25C0C2A43842}.Release|Any CPU.ActiveCfg = Release|Any CPU
		{50F8B01C-34AB-4640-8008-25C0C2A43842}.Release|Any CPU.Build.0 = Release|Any CPU
		{2F2F1932-1B4B-4908-BD54-4179E932B890}.Debug|Any CPU.ActiveCfg = Debug|Any CPU
		{2F2F1932-1B4B-4908-BD54-4179E932B890}.Debug|Any CPU.Build.0 = Debug|Any CPU
		{2F2F1932-1B4B-4908-BD54-4179E932B890}.Release|Any CPU.ActiveCfg = Release|Any CPU
		{2F2F1932-1B4B-4908-BD54-4179E932B890}.Release|Any CPU.Build.0 = Release|Any CPU
		{86AA48A9-C145-4CD3-9855-9E87939B6BA9}.Debug|Any CPU.ActiveCfg = Debug|Any CPU
		{86AA48A9-C145-4CD3-9855-9E87939B6BA9}.Debug|Any CPU.Build.0 = Debug|Any CPU
		{86AA48A9-C145-4CD3-9855-9E87939B6BA9}.Release|Any CPU.ActiveCfg = Release|Any CPU
		{86AA48A9-C145-4CD3-9855-9E87939B6BA9}.Release|Any CPU.Build.0 = Release|Any CPU
		{B3D818E9-7DB3-4A55-A39A-EB58FDEFF06F}.Debug|Any CPU.ActiveCfg = Debug|Any CPU
		{B3D818E9-7DB3-4A55-A39A-EB58FDEFF06F}.Debug|Any CPU.Build.0 = Debug|Any CPU
		{B3D818E9-7DB3-4A55-A39A-EB58FDEFF06F}.Release|Any CPU.ActiveCfg = Release|Any CPU
		{B3D818E9-7DB3-4A55-A39A-EB58FDEFF06F}.Release|Any CPU.Build.0 = Release|Any CPU
		{6002C2B8-4B0B-43F5-A821-A42EBED59599}.Debug|Any CPU.ActiveCfg = Debug|Any CPU
		{6002C2B8-4B0B-43F5-A821-A42EBED59599}.Debug|Any CPU.Build.0 = Debug|Any CPU
		{6002C2B8-4B0B-43F5-A821-A42EBED59599}.Release|Any CPU.ActiveCfg = Release|Any CPU
		{6002C2B8-4B0B-43F5-A821-A42EBED59599}.Release|Any CPU.Build.0 = Release|Any CPU
		{D7DACAD9-4B05-4BC4-B352-C99D7D57FEC6}.Debug|Any CPU.ActiveCfg = Debug|Any CPU
		{D7DACAD9-4B05-4BC4-B352-C99D7D57FEC6}.Debug|Any CPU.Build.0 = Debug|Any CPU
		{D7DACAD9-4B05-4BC4-B352-C99D7D57FEC6}.Release|Any CPU.ActiveCfg = Release|Any CPU
		{D7DACAD9-4B05-4BC4-B352-C99D7D57FEC6}.Release|Any CPU.Build.0 = Release|Any CPU
		{847D3AA1-13B4-4C5E-AA68-8B5DBC4D240D}.Debug|Any CPU.ActiveCfg = Debug|Any CPU
		{847D3AA1-13B4-4C5E-AA68-8B5DBC4D240D}.Debug|Any CPU.Build.0 = Debug|Any CPU
		{847D3AA1-13B4-4C5E-AA68-8B5DBC4D240D}.Release|Any CPU.ActiveCfg = Release|Any CPU
		{847D3AA1-13B4-4C5E-AA68-8B5DBC4D240D}.Release|Any CPU.Build.0 = Release|Any CPU
	EndGlobalSection
	GlobalSection(SolutionProperties) = preSolution
		HideSolutionNode = FALSE
	EndGlobalSection
	GlobalSection(NestedProjects) = preSolution
		{DB4ABC3F-6A5A-4F07-A7FE-8AE31CBDD145} = {02EA681E-C7D8-13C7-8484-4AC65E1B71E8}
		{3F0EF074-615E-4E5E-A35C-7EDA0A658157} = {02EA681E-C7D8-13C7-8484-4AC65E1B71E8}
		{015250BB-2C77-42D9-9D91-3739CC09C66E} = {02EA681E-C7D8-13C7-8484-4AC65E1B71E8}
		{07E05DCA-6C91-453F-B978-53BDC90C9D5A} = {30014851-43BE-4F85-BD72-77A095C86386}
		{331DC7A5-3751-48AC-9683-7783800C324B} = {30014851-43BE-4F85-BD72-77A095C86386}
		{33B5DF68-031C-4774-B979-E0085801E935} = {30014851-43BE-4F85-BD72-77A095C86386}
		{ABAF4B4D-CB1E-4614-9FB9-231913B8D12D} = {E80D9A30-0D71-4867-92FC-7407424BB955}
		{AB37A3E6-4530-4544-AE55-DAA3DAA2F322} = {E80D9A30-0D71-4867-92FC-7407424BB955}
		{23A92317-69B0-48E4-A821-9EDF595DCA6E} = {E80D9A30-0D71-4867-92FC-7407424BB955}
		{CCBB5663-8532-4E47-A39A-C2D722CF62E9} = {86535024-DD38-4C93-B137-04F8A6E2BF19}
		{1F0C7501-64AA-4243-89CE-B9EFCEFBAE78} = {86535024-DD38-4C93-B137-04F8A6E2BF19}
		{50F8B01C-34AB-4640-8008-25C0C2A43842} = {86535024-DD38-4C93-B137-04F8A6E2BF19}
		{2F2F1932-1B4B-4908-BD54-4179E932B890} = {E969722A-599E-4A4F-8CE9-38640B3397AB}
		{86AA48A9-C145-4CD3-9855-9E87939B6BA9} = {E969722A-599E-4A4F-8CE9-38640B3397AB}
		{B3D818E9-7DB3-4A55-A39A-EB58FDEFF06F} = {E969722A-599E-4A4F-8CE9-38640B3397AB}
		{6002C2B8-4B0B-43F5-A821-A42EBED59599} = {16DF787C-C1D9-45BB-AA70-A29E860BC2CF}
		{D7DACAD9-4B05-4BC4-B352-C99D7D57FEC6} = {16DF787C-C1D9-45BB-AA70-A29E860BC2CF}
		{847D3AA1-13B4-4C5E-AA68-8B5DBC4D240D} = {16DF787C-C1D9-45BB-AA70-A29E860BC2CF}
	EndGlobalSection
	GlobalSection(ExtensibilityGlobals) = postSolution
		SolutionGuid = {FA246D28-B4AC-4F2E-BB56-532C7027139C}
	EndGlobalSection
EndGlobal
